
Microsoft Visual Studio Solution File, Format Version 12.00
# Visual Studio Version 16
VisualStudioVersion = 16.0.30804.86
MinimumVisualStudioVersion = 10.0.40219.1
Project("{FAE04EC0-301F-11D3-BF4B-00C04F79EFBC}") = "CleanBlog", "CleanBlog\CleanBlog.csproj", "{50615153-1E66-4F24-8F8F-C4D2AEBC04B1}"
EndProject
Global
	GlobalSection(SolutionConfigurationPlatforms) = preSolution
		Debug|Any CPU = Debug|Any CPU
		Release|Any CPU = Release|Any CPU
	EndGlobalSection
	GlobalSection(ProjectConfigurationPlatforms) = postSolution
		{50615153-1E66-4F24-8F8F-C4D2AEBC04B1}.Debug|Any CPU.ActiveCfg = Debug|Any CPU
		{50615153-1E66-4F24-8F8F-C4D2AEBC04B1}.Debug|Any CPU.Build.0 = Debug|Any CPU
		{50615153-1E66-4F24-8F8F-C4D2AEBC04B1}.Release|Any CPU.ActiveCfg = Release|Any CPU
		{50615153-1E66-4F24-8F8F-C4D2AEBC04B1}.Release|Any CPU.Build.0 = Release|Any CPU
	EndGlobalSection
	GlobalSection(SolutionProperties) = preSolution
		HideSolutionNode = FALSE
	EndGlobalSection
	GlobalSection(ExtensibilityGlobals) = postSolution
		SolutionGuid = {B46B86EF-1D1A-490F-B20E-EC32BBBE5F95}
	EndGlobalSection
EndGlobal
